
Microsoft Visual Studio Solution File, Format Version 12.00
# Visual Studio 14
VisualStudioVersion = 14.0.25420.1
MinimumVisualStudioVersion = 10.0.40219.1
Project("{FAE04EC0-301F-11D3-BF4B-00C04F79EFBC}") = "Lab_4_30_Aug", "LabFourFactorialCalc\Lab_4_30_Aug.csproj", "{52AFB345-2C7B-4AAF-AB5E-3C57B91FEEF9}"
EndProject
Global
	GlobalSection(SolutionConfigurationPlatforms) = preSolution
		Debug|Any CPU = Debug|Any CPU
		Release|Any CPU = Release|Any CPU
	EndGlobalSection
	GlobalSection(ProjectConfigurationPlatforms) = postSolution
		{52AFB345-2C7B-4AAF-AB5E-3C57B91FEEF9}.Debug|Any CPU.ActiveCfg = Debug|Any CPU
		{52AFB345-2C7B-4AAF-AB5E-3C57B91FEEF9}.Debug|Any CPU.Build.0 = Debug|Any CPU
		{52AFB345-2C7B-4AAF-AB5E-3C57B91FEEF9}.Release|Any CPU.ActiveCfg = Release|Any CPU
		{52AFB345-2C7B-4AAF-AB5E-3C57B91FEEF9}.Release|Any CPU.Build.0 = Release|Any CPU
	EndGlobalSection
	GlobalSection(SolutionProperties) = preSolution
		HideSolutionNode = FALSE
	EndGlobalSection
EndGlobal
